
Microsoft Visual Studio Solution File, Format Version 12.00
# Visual Studio 2013
VisualStudioVersion = 12.0.40629.0
MinimumVisualStudioVersion = 10.0.40219.1
Project("{FAE04EC0-301F-11D3-BF4B-00C04F79EFBC}") = "Beacon", "src\Beacon\Beacon.csproj", "{D895D194-C8A8-43E7-81D4-6E722C913494}"
EndProject
Project("{FAE04EC0-301F-11D3-BF4B-00C04F79EFBC}") = "BeaconServer", "src\BeaconServer\BeaconServer.csproj", "{4551182D-0606-4F16-9581-84F2D0D48A45}"
EndProject
Project("{FAE04EC0-301F-11D3-BF4B-00C04F79EFBC}") = "OrderService", "src\ExampleService1\OrderService.csproj", "{5F771AE9-F4A6-484B-8B25-EE75B7E6FDFB}"
EndProject
Project("{FAE04EC0-301F-11D3-BF4B-00C04F79EFBC}") = "CustomerService", "src\ExampleService2\CustomerService.csproj", "{2BB6AD88-004A-4973-8019-0B6B3CF27DED}"
EndProject
Project("{FAE04EC0-301F-11D3-BF4B-00C04F79EFBC}") = "Observer", "Observer\Observer.csproj", "{FC870AA5-3D71-4E19-9DD4-182D514D93DF}"
EndProject
Global
	GlobalSection(SolutionConfigurationPlatforms) = preSolution
		Debug|Any CPU = Debug|Any CPU
		Release|Any CPU = Release|Any CPU
	EndGlobalSection
	GlobalSection(ProjectConfigurationPlatforms) = postSolution
		{D895D194-C8A8-43E7-81D4-6E722C913494}.Debug|Any CPU.ActiveCfg = Debug|Any CPU
		{D895D194-C8A8-43E7-81D4-6E722C913494}.Debug|Any CPU.Build.0 = Debug|Any CPU
		{D895D194-C8A8-43E7-81D4-6E722C913494}.Release|Any CPU.ActiveCfg = Release|Any CPU
		{D895D194-C8A8-43E7-81D4-6E722C913494}.Release|Any CPU.Build.0 = Release|Any CPU
		{4551182D-0606-4F16-9581-84F2D0D48A45}.Debug|Any CPU.ActiveCfg = Debug|Any CPU
		{4551182D-0606-4F16-9581-84F2D0D48A45}.Debug|Any CPU.Build.0 = Debug|Any CPU
		{4551182D-0606-4F16-9581-84F2D0D48A45}.Release|Any CPU.ActiveCfg = Release|Any CPU
		{4551182D-0606-4F16-9581-84F2D0D48A45}.Release|Any CPU.Build.0 = Release|Any CPU
		{5F771AE9-F4A6-484B-8B25-EE75B7E6FDFB}.Debug|Any CPU.ActiveCfg = Debug|Any CPU
		{5F771AE9-F4A6-484B-8B25-EE75B7E6FDFB}.Debug|Any CPU.Build.0 = Debug|Any CPU
		{5F771AE9-F4A6-484B-8B25-EE75B7E6FDFB}.Release|Any CPU.ActiveCfg = Release|Any CPU
		{5F771AE9-F4A6-484B-8B25-EE75B7E6FDFB}.Release|Any CPU.Build.0 = Release|Any CPU
		{2BB6AD88-004A-4973-8019-0B6B3CF27DED}.Debug|Any CPU.ActiveCfg = Debug|Any CPU
		{2BB6AD88-004A-4973-8019-0B6B3CF27DED}.Debug|Any CPU.Build.0 = Debug|Any CPU
		{2BB6AD88-004A-4973-8019-0B6B3CF27DED}.Release|Any CPU.ActiveCfg = Release|Any CPU
		{2BB6AD88-004A-4973-8019-0B6B3CF27DED}.Release|Any CPU.Build.0 = Release|Any CPU
		{FC870AA5-3D71-4E19-9DD4-182D514D93DF}.Debug|Any CPU.ActiveCfg = Debug|Any CPU
		{FC870AA5-3D71-4E19-9DD4-182D514D93DF}.Debug|Any CPU.Build.0 = Debug|Any CPU
		{FC870AA5-3D71-4E19-9DD4-182D514D93DF}.Release|Any CPU.ActiveCfg = Release|Any CPU
		{FC870AA5-3D71-4E19-9DD4-182D514D93DF}.Release|Any CPU.Build.0 = Release|Any CPU
	EndGlobalSection
	GlobalSection(SolutionProperties) = preSolution
		HideSolutionNode = FALSE
	EndGlobalSection
EndGlobal
